
Microsoft Visual Studio Solution File, Format Version 12.00
# Visual Studio Version 16
VisualStudioVersion = 16.0.30011.22
MinimumVisualStudioVersion = 10.0.40219.1
Project("{FAE04EC0-301F-11D3-BF4B-00C04F79EFBC}") = "PilasColas", "PilasColas\PilasColas.csproj", "{A4CAE2B0-E083-47B7-99EB-C218A054D671}"
EndProject
Project("{FAE04EC0-301F-11D3-BF4B-00C04F79EFBC}") = "Arreglos", "Arreglos\Arreglos.csproj", "{89992F27-AC88-40B7-ACDA-2AFEDD93455C}"
EndProject
Project("{FAE04EC0-301F-11D3-BF4B-00C04F79EFBC}") = "Listas", "Listas\Listas.csproj", "{C2D59E4C-2320-4A2E-8421-041164FBF97A}"
EndProject
Global
	GlobalSection(SolutionConfigurationPlatforms) = preSolution
		Debug|Any CPU = Debug|Any CPU
		Release|Any CPU = Release|Any CPU
	EndGlobalSection
	GlobalSection(ProjectConfigurationPlatforms) = postSolution
		{A4CAE2B0-E083-47B7-99EB-C218A054D671}.Debug|Any CPU.ActiveCfg = Debug|Any CPU
		{A4CAE2B0-E083-47B7-99EB-C218A054D671}.Debug|Any CPU.Build.0 = Debug|Any CPU
		{A4CAE2B0-E083-47B7-99EB-C218A054D671}.Release|Any CPU.ActiveCfg = Release|Any CPU
		{A4CAE2B0-E083-47B7-99EB-C218A054D671}.Release|Any CPU.Build.0 = Release|Any CPU
		{89992F27-AC88-40B7-ACDA-2AFEDD93455C}.Debug|Any CPU.ActiveCfg = Debug|Any CPU
		{89992F27-AC88-40B7-ACDA-2AFEDD93455C}.Debug|Any CPU.Build.0 = Debug|Any CPU
		{89992F27-AC88-40B7-ACDA-2AFEDD93455C}.Release|Any CPU.ActiveCfg = Release|Any CPU
		{89992F27-AC88-40B7-ACDA-2AFEDD93455C}.Release|Any CPU.Build.0 = Release|Any CPU
		{C2D59E4C-2320-4A2E-8421-041164FBF97A}.Debug|Any CPU.ActiveCfg = Debug|Any CPU
		{C2D59E4C-2320-4A2E-8421-041164FBF97A}.Debug|Any CPU.Build.0 = Debug|Any CPU
		{C2D59E4C-2320-4A2E-8421-041164FBF97A}.Release|Any CPU.ActiveCfg = Release|Any CPU
		{C2D59E4C-2320-4A2E-8421-041164FBF97A}.Release|Any CPU.Build.0 = Release|Any CPU
	EndGlobalSection
	GlobalSection(SolutionProperties) = preSolution
		HideSolutionNode = FALSE
	EndGlobalSection
	GlobalSection(ExtensibilityGlobals) = postSolution
		SolutionGuid = {9FCFB45C-D84B-43C4-9497-8C69AECF4EC1}
	EndGlobalSection
EndGlobal
